<?xml version="1.0" encoding="utf-8"?>
<Project ToolsVersion="4.0" xmlns="http://schemas.microsoft.com/developer/msbuild/2003">
  <ItemGroup>
    <Filter Include="Source Files">
      <UniqueIdentifier>{4FC737F1-C7A5-4376-A066-2A32D752A2FF}</UniqueIdentifier>
      <Extensions>cpp;c;cc;cxx;def;odl;idl;hpj;bat;asm;asmx</Extensions>
    </Filter>
    <Filter Include="Header Files">
      <UniqueIdentifier>{93995380-89BD-4b04-88EB-625FBE52EBFB}</UniqueIdentifier>
      <Extensions>h;hpp;hxx;hm;inl;inc;xsd</Extensions>
    </Filter>
    <Filter Include="Header Files\Entity">
      <UniqueIdentifier>{0f2d43c3-73c0-4960-a1db-dcad5a53a2c9}</UniqueIdentifier>
    </Filter>
    <Filter Include="Header Files\Constraints">
      <UniqueIdentifier>{a66b0a9a-aeab-4e6a-bff3-a3af7451b522}</UniqueIdentifier>
    </Filter>
    <Filter Include="Header Files\Physics">
      <UniqueIdentifier>{eab9788f-b2c8-43b3-abf7-14d03ad3dbbb}</UniqueIdentifier>
    </Filter>
    <Filter Include="Source Files\Entity">
      <UniqueIdentifier>{ea47a6cb-40f6-4377-8674-b00200cfc3c6}</UniqueIdentifier>
    </Filter>
    <Filter Include="Source Files\Constraints">
      <UniqueIdentifier>{c124e490-65dd-45fe-bf32-c1f074511c94}</UniqueIdentifier>
    </Filter>
    <Filter Include="Source Files\Physics">
      <UniqueIdentifier>{0fa53c70-bba4-45e4-9585-681770b8396a}</UniqueIdentifier>
    </Filter>
    <Filter Include="Header Files\Common">
      <UniqueIdentifier>{b526b9da-5440-4d2c-a268-117efcb61978}</UniqueIdentifier>
    </Filter>
    <Filter Include="Source Files\Common">
      <UniqueIdentifier>{850b4798-1ac6-4687-a7ff-d6413bc1d885}</UniqueIdentifier>
    </Filter>
    <Filter Include="Header Files\Logics">
      <UniqueIdentifier>{97e23724-174a-48ad-bf36-56a7e800a58b}</UniqueIdentifier>
    </Filter>
    <Filter Include="Source Files\Logics">
      <UniqueIdentifier>{ca6b305b-82ec-4b48-a18a-36399efb8d89}</UniqueIdentifier>
    </Filter>
    <Filter Include="Header Files\Entity\Player">
      <UniqueIdentifier>{a0a92b52-a8a5-4577-9c81-ec7fe52e9b7f}</UniqueIdentifier>
    </Filter>
    <Filter Include="Source Files\Entity\Player">
      <UniqueIdentifier>{fdb085f8-97fb-4f4b-a83f-def78c071718}</UniqueIdentifier>
    </Filter>
    <Filter Include="Header Files\Input">
      <UniqueIdentifier>{202710ed-53bb-44e9-948a-9c774e5154b1}</UniqueIdentifier>
    </Filter>
    <Filter Include="Source Files\Input">
      <UniqueIdentifier>{273f1aa1-f2f4-4af3-975c-b6974f0560f8}</UniqueIdentifier>
    </Filter>
    <Filter Include="Header Files\GameStates">
      <UniqueIdentifier>{d2fbf56f-7fb9-4d37-8034-2b6461f65dda}</UniqueIdentifier>
    </Filter>
    <Filter Include="Source Files\GameStates">
      <UniqueIdentifier>{4d528cbf-2fa5-4daf-9410-af719c7dc9f2}</UniqueIdentifier>
    </Filter>
  </ItemGroup>
  <ItemGroup>
    <None Include="ReadMe.txt" />
  </ItemGroup>
  <ItemGroup>
    <ClInclude Include="stdafx.h">
      <Filter>Header Files</Filter>
    </ClInclude>
    <ClInclude Include="targetver.h">
      <Filter>Header Files</Filter>
    </ClInclude>
    <ClInclude Include="OpenGLContext.h">
      <Filter>Header Files</Filter>
    </ClInclude>
    <ClInclude Include="CameraClass.h">
      <Filter>Header Files</Filter>
    </ClInclude>
    <ClInclude Include="GameEngineClass.h">
      <Filter>Header Files</Filter>
    </ClInclude>
    <ClInclude Include="GameObjectManagerClass.h">
      <Filter>Header Files</Filter>
    </ClInclude>
    <ClInclude Include="cBody.h">
      <Filter>Header Files\Entity</Filter>
    </ClInclude>
    <ClInclude Include="cRender.h">
      <Filter>Header Files\Entity</Filter>
    </ClInclude>
    <ClInclude Include="cConstrained.h">
      <Filter>Header Files\Entity</Filter>
    </ClInclude>
    <ClInclude Include="Constraint.h">
      <Filter>Header Files\Constraints</Filter>
    </ClInclude>
    <ClInclude Include="SoftConstraint.h">
      <Filter>Header Files\Constraints</Filter>
    </ClInclude>
    <ClInclude Include="HingeConstraint.h">
      <Filter>Header Files\Constraints</Filter>
    </ClInclude>
    <ClInclude Include="CollisionManagerClass.h">
      <Filter>Header Files\Physics</Filter>
    </ClInclude>
    <ClInclude Include="ConstraintManagerClass.h">
      <Filter>Header Files\Physics</Filter>
    </ClInclude>
    <ClInclude Include="PhysicsManagerClass.h">
      <Filter>Header Files\Physics</Filter>
    </ClInclude>
    <ClInclude Include="WorldPropertiesClass.h">
      <Filter>Header Files\Physics</Filter>
    </ClInclude>
    <ClInclude Include="BaseWindow.h">
      <Filter>Header Files</Filter>
    </ClInclude>
    <ClInclude Include="MainWindow.h">
      <Filter>Header Files</Filter>
    </ClInclude>
    <ClInclude Include="Matrix33.h">
      <Filter>Header Files\Common</Filter>
    </ClInclude>
    <ClInclude Include="Matrix22.h">
      <Filter>Header Files\Common</Filter>
    </ClInclude>
    <ClInclude Include="Vector2.h">
      <Filter>Header Files\Common</Filter>
    </ClInclude>
    <ClInclude Include="Vector3.h">
      <Filter>Header Files\Common</Filter>
    </ClInclude>
    <ClInclude Include="RotationMatrix.h">
      <Filter>Header Files\Common</Filter>
    </ClInclude>
    <ClInclude Include="TransformationMatrix.h">
      <Filter>Header Files\Common</Filter>
    </ClInclude>
    <ClInclude Include="Rectangle2D.h">
      <Filter>Header Files\Common</Filter>
    </ClInclude>
    <ClInclude Include="WeldConstraint.h">
      <Filter>Header Files\Constraints</Filter>
    </ClInclude>
    <ClInclude Include="HybridConstraint.h">
      <Filter>Header Files\Constraints</Filter>
    </ClInclude>
    <ClInclude Include="dynamic_array.h">
      <Filter>Header Files\Common</Filter>
    </ClInclude>
    <ClInclude Include="Entity.h">
      <Filter>Header Files\Entity</Filter>
    </ClInclude>
    <ClInclude Include="Polygon2.h">
      <Filter>Header Files\Entity</Filter>
    </ClInclude>
    <ClInclude Include="QTree2.h">
      <Filter>Header Files\Physics</Filter>
    </ClInclude>
    <ClInclude Include="LogicsManagerClass.h">
      <Filter>Header Files\Logics</Filter>
    </ClInclude>
    <ClInclude Include="cLogics.h">
      <Filter>Header Files\Entity</Filter>
    </ClInclude>
    <ClInclude Include="ContactEventClass.h">
      <Filter>Header Files\Logics</Filter>
    </ClInclude>
    <ClInclude Include="Player.h">
      <Filter>Header Files\Entity\Player</Filter>
    </ClInclude>
    <ClInclude Include="TCGrid.h">
      <Filter>Header Files</Filter>
    </ClInclude>
    <ClInclude Include="PlayerProjectile.h">
      <Filter>Header Files\Entity\Player</Filter>
    </ClInclude>
    <ClInclude Include="Debris.h">
      <Filter>Header Files\Entity\Player</Filter>
    </ClInclude>
    <ClInclude Include="Asteroid.h">
      <Filter>Header Files\Entity\Player</Filter>
    </ClInclude>
    <ClInclude Include="Star.h">
      <Filter>Header Files\Entity\Player</Filter>
    </ClInclude>
    <ClInclude Include="CTime.h">
      <Filter>Header Files</Filter>
    </ClInclude>
    <ClInclude Include="InputManagerClass.h">
      <Filter>Header Files\Input</Filter>
    </ClInclude>
    <ClInclude Include="GamepadClass.h">
      <Filter>Header Files\Input</Filter>
    </ClInclude>
    <ClInclude Include="PlayerIcon.h">
      <Filter>Header Files\Entity\Player</Filter>
    </ClInclude>
    <ClInclude Include="Score.h">
      <Filter>Header Files\Entity\Player</Filter>
    </ClInclude>
    <ClInclude Include="MainStateClass.h">
      <Filter>Header Files\GameStates</Filter>
    </ClInclude>
    <ClInclude Include="GameStateClass.h">
      <Filter>Header Files\GameStates</Filter>
    </ClInclude>
    <ClInclude Include="PausedStateClass.h">
      <Filter>Header Files\GameStates</Filter>
    </ClInclude>
    <ClInclude Include="GameStartClass.h">
      <Filter>Header Files\GameStates</Filter>
    </ClInclude>
    <ClInclude Include="CommonGameState.h">
      <Filter>Header Files\GameStates</Filter>
    </ClInclude>
    <ClInclude Include="GameOverState.h">
      <Filter>Header Files\GameStates</Filter>
    </ClInclude>
  </ItemGroup>
  <ItemGroup>
    <ClCompile Include="stdafx.cpp">
      <Filter>Source Files</Filter>
    </ClCompile>
    <ClCompile Include="winAPP.cpp">
      <Filter>Source Files</Filter>
    </ClCompile>
    <ClCompile Include="OpenGLContext.cpp">
      <Filter>Source Files</Filter>
    </ClCompile>
    <ClCompile Include="CameraClass.cpp">
      <Filter>Source Files</Filter>
    </ClCompile>
    <ClCompile Include="GameObjectManagerClass.cpp">
      <Filter>Source Files</Filter>
    </ClCompile>
    <ClCompile Include="GameEngineClass.cpp">
      <Filter>Source Files</Filter>
    </ClCompile>
    <ClCompile Include="cBody.cpp">
      <Filter>Source Files\Entity</Filter>
    </ClCompile>
    <ClCompile Include="CollisionManagerClass.cpp">
      <Filter>Source Files\Physics</Filter>
    </ClCompile>
    <ClCompile Include="ConstraintManagerClass.cpp">
      <Filter>Source Files\Physics</Filter>
    </ClCompile>
    <ClCompile Include="cRedner.cpp">
      <Filter>Source Files\Entity</Filter>
    </ClCompile>
    <ClCompile Include="HingeConstraint.cpp">
      <Filter>Source Files\Constraints</Filter>
    </ClCompile>
    <ClCompile Include="SoftConstraint.cpp">
      <Filter>Source Files\Constraints</Filter>
    </ClCompile>
    <ClCompile Include="PhysicsManagerClass.cpp">
      <Filter>Source Files\Physics</Filter>
    </ClCompile>
    <ClCompile Include="WorldPropertiesClass.cpp">
      <Filter>Source Files\Physics</Filter>
    </ClCompile>
    <ClCompile Include="MainWindow.cpp">
      <Filter>Source Files</Filter>
    </ClCompile>
    <ClCompile Include="Matrix22.cpp">
      <Filter>Source Files\Common</Filter>
    </ClCompile>
    <ClCompile Include="Matrix33.cpp">
      <Filter>Source Files\Common</Filter>
    </ClCompile>
    <ClCompile Include="Vector2.cpp">
      <Filter>Source Files\Common</Filter>
    </ClCompile>
    <ClCompile Include="Vector3.cpp">
      <Filter>Source Files\Common</Filter>
    </ClCompile>
    <ClCompile Include="RotationMatrix.cpp">
      <Filter>Source Files\Common</Filter>
    </ClCompile>
    <ClCompile Include="TransformationMatrix.cpp">
      <Filter>Source Files\Common</Filter>
    </ClCompile>
    <ClCompile Include="WeldConstraint.cpp">
      <Filter>Source Files\Constraints</Filter>
    </ClCompile>
    <ClCompile Include="HybridConstraint.cpp">
      <Filter>Source Files\Constraints</Filter>
    </ClCompile>
    <ClCompile Include="Constraint.cpp">
      <Filter>Source Files\Constraints</Filter>
    </ClCompile>
    <ClCompile Include="Entity.cpp">
      <Filter>Source Files\Entity</Filter>
    </ClCompile>
    <ClCompile Include="cConstrained.cpp">
      <Filter>Source Files\Entity</Filter>
    </ClCompile>
    <ClCompile Include="Polygon2.cpp">
      <Filter>Source Files\Entity</Filter>
    </ClCompile>
    <ClCompile Include="QTree2.cpp">
      <Filter>Source Files\Physics</Filter>
    </ClCompile>
    <ClCompile Include="TCGrid.cpp">
      <Filter>Source Files\Physics</Filter>
    </ClCompile>
    <ClCompile Include="LogicsManagerClass.cpp">
      <Filter>Source Files\Logics</Filter>
    </ClCompile>
    <ClCompile Include="cLogics.cpp">
      <Filter>Source Files\Entity</Filter>
    </ClCompile>
    <ClCompile Include="ContactEventClass.cpp">
      <Filter>Source Files\Logics</Filter>
    </ClCompile>
    <ClCompile Include="Player.cpp">
      <Filter>Source Files\Entity\Player</Filter>
    </ClCompile>
    <ClCompile Include="PlayerProjectile.cpp">
      <Filter>Source Files\Entity\Player</Filter>
    </ClCompile>
    <ClCompile Include="Debris.cpp">
      <Filter>Source Files\Entity\Player</Filter>
    </ClCompile>
    <ClCompile Include="Asteroid.cpp">
      <Filter>Source Files\Entity\Player</Filter>
    </ClCompile>
    <ClCompile Include="Star.cpp">
      <Filter>Source Files\Entity\Player</Filter>
    </ClCompile>
    <ClCompile Include="CTime.cpp">
      <Filter>Source Files</Filter>
    </ClCompile>
    <ClCompile Include="InputManagerClass.cpp">
      <Filter>Source Files\Input</Filter>
    </ClCompile>
    <ClCompile Include="GamepadClass.cpp">
      <Filter>Source Files\Input</Filter>
    </ClCompile>
    <ClCompile Include="PlayerIcon.cpp">
      <Filter>Source Files\Entity\Player</Filter>
    </ClCompile>
    <ClCompile Include="Score.cpp">
      <Filter>Source Files\Entity\Player</Filter>
    </ClCompile>
    <ClCompile Include="MainStateClass.cpp">
      <Filter>Source Files\GameStates</Filter>
    </ClCompile>
    <ClCompile Include="PausedStateClass.cpp">
      <Filter>Source Files\GameStates</Filter>
    </ClCompile>
    <ClCompile Include="GameStartClass.cpp">
      <Filter>Source Files\GameStates</Filter>
    </ClCompile>
    <ClCompile Include="CommonGameState.cpp">
      <Filter>Source Files\GameStates</Filter>
    </ClCompile>
    <ClCompile Include="GameOverState.cpp">
      <Filter>Source Files\GameStates</Filter>
    </ClCompile>
  </ItemGroup>
</Project>